// !$*UTF8*$!
{
	archiveVersion = 1;
	classes = {
	};
	objectVersion = 50;
	objects = {

/* Begin PBXBuildFile section */
		4950012027DD144600607179 /* AppbetaApp.swift in Sources */ = {isa = PBXBuildFile; fileRef = 4950011F27DD144600607179 /* AppbetaApp.swift */; };
		4950012227DD144600607179 /* ContentView.swift in Sources */ = {isa = PBXBuildFile; fileRef = 4950012127DD144600607179 /* ContentView.swift */; };
		4950012427DD144F00607179 /* Assets.xcassets in Resources */ = {isa = PBXBuildFile; fileRef = 4950012327DD144F00607179 /* Assets.xcassets */; };
		4950012727DD144F00607179 /* Preview Assets.xcassets in Resources */ = {isa = PBXBuildFile; fileRef = 4950012627DD144F00607179 /* Preview Assets.xcassets */; };
		4950013227DD145000607179 /* AppbetaTests.swift in Sources */ = {isa = PBXBuildFile; fileRef = 4950013127DD145000607179 /* AppbetaTests.swift */; };
		4950013D27DD145000607179 /* AppbetaUITests.swift in Sources */ = {isa = PBXBuildFile; fileRef = 4950013C27DD145000607179 /* AppbetaUITests.swift */; };
/* End PBXBuildFile section */

/* Begin PBXContainerItemProxy section */
		4950012E27DD145000607179 /* PBXContainerItemProxy */ = {
			isa = PBXContainerItemProxy;
			containerPortal = 4950011427DD144600607179 /* Project object */;
			proxyType = 1;
			remoteGlobalIDString = 4950011B27DD144600607179;
			remoteInfo = Appbeta;
		};
		4950013927DD145000607179 /* PBXContainerItemProxy */ = {
			isa = PBXContainerItemProxy;
			containerPortal = 4950011427DD144600607179 /* Project object */;
			proxyType = 1;
			remoteGlobalIDString = 4950011B27DD144600607179;
			remoteInfo = Appbeta;
		};
/* End PBXContainerItemProxy section */

/* Begin PBXFileReference section */
		4950011C27DD144600607179 /* Appbeta.app */ = {isa = PBXFileReference; explicitFileType = wrapper.application; includeInIndex = 0; path = Appbeta.app; sourceTree = BUILT_PRODUCTS_DIR; };
		4950011F27DD144600607179 /* AppbetaApp.swift */ = {isa = PBXFileReference; lastKnownFileType = sourcecode.swift; path = AppbetaApp.swift; sourceTree = "<group>"; };
		4950012127DD144600607179 /* ContentView.swift */ = {isa = PBXFileReference; lastKnownFileType = sourcecode.swift; path = ContentView.swift; sourceTree = "<group>"; };
		4950012327DD144F00607179 /* Assets.xcassets */ = {isa = PBXFileReference; lastKnownFileType = folder.assetcatalog; path = Assets.xcassets; sourceTree = "<group>"; };
		4950012627DD144F00607179 /* Preview Assets.xcassets */ = {isa = PBXFileReference; lastKnownFileType = folder.assetcatalog; path = "Preview Assets.xcassets"; sourceTree = "<group>"; };
		4950012827DD144F00607179 /* Info.plist */ = {isa = PBXFileReference; lastKnownFileType = text.plist.xml; path = Info.plist; sourceTree = "<group>"; };
		4950012D27DD145000607179 /* AppbetaTests.xctest */ = {isa = PBXFileReference; explicitFileType = wrapper.cfbundle; includeInIndex = 0; path = AppbetaTests.xctest; sourceTree = BUILT_PRODUCTS_DIR; };
		4950013127DD145000607179 /* AppbetaTests.swift */ = {isa = PBXFileReference; lastKnownFileType = sourcecode.swift; path = AppbetaTests.swift; sourceTree = "<group>"; };
		4950013327DD145000607179 /* Info.plist */ = {isa = PBXFileReference; lastKnownFileType = text.plist.xml; path = Info.plist; sourceTree = "<group>"; };
		4950013827DD145000607179 /* AppbetaUITests.xctest */ = {isa = PBXFileReference; explicitFileType = wrapper.cfbundle; includeInIndex = 0; path = AppbetaUITests.xctest; sourceTree = BUILT_PRODUCTS_DIR; };
		4950013C27DD145000607179 /* AppbetaUITests.swift */ = {isa = PBXFileReference; lastKnownFileType = sourcecode.swift; path = AppbetaUITests.swift; sourceTree = "<group>"; };
		4950013E27DD145000607179 /* Info.plist */ = {isa = PBXFileReference; lastKnownFileType = text.plist.xml; path = Info.plist; sourceTree = "<group>"; };
/* End PBXFileReference section */

/* Begin PBXFrameworksBuildPhase section */
		4950011927DD144600607179 /* Frameworks */ = {
			isa = PBXFrameworksBuildPhase;
			buildActionMask = 2147483647;
			files = (
			);
			runOnlyForDeploymentPostprocessing = 0;
		};
		4950012A27DD145000607179 /* Frameworks */ = {
			isa = PBXFrameworksBuildPhase;
			buildActionMask = 2147483647;
			files = (
			);
			runOnlyForDeploymentPostprocessing = 0;
		};
		4950013527DD145000607179 /* Frameworks */ = {
			isa = PBXFrameworksBuildPhase;
			buildActionMask = 2147483647;
			files = (
			);
			runOnlyForDeploymentPostprocessing = 0;
		};
/* End PBXFrameworksBuildPhase section */

/* Begin PBXGroup section */
		4950011327DD144600607179 = {
			isa = PBXGroup;
			children = (
				4950011E27DD144600607179 /* Appbeta */,
				4950013027DD145000607179 /* AppbetaTests */,
				4950013B27DD145000607179 /* AppbetaUITests */,
				4950011D27DD144600607179 /* Products */,
			);
			sourceTree = "<group>";
		};
		4950011D27DD144600607179 /* Products */ = {
			isa = PBXGroup;
			children = (
				4950011C27DD144600607179 /* Appbeta.app */,
				4950012D27DD145000607179 /* AppbetaTests.xctest */,
				4950013827DD145000607179 /* AppbetaUITests.xctest */,
			);
			name = Products;
			sourceTree = "<group>";
		};
		4950011E27DD144600607179 /* Appbeta */ = {
			isa = PBXGroup;
			children = (
				4950011F27DD144600607179 /* AppbetaApp.swift */,
				4950012127DD144600607179 /* ContentView.swift */,
				4950012327DD144F00607179 /* Assets.xcassets */,
				4950012827DD144F00607179 /* Info.plist */,
				4950012527DD144F00607179 /* Preview Content */,
			);
			path = Appbeta;
			sourceTree = "<group>";
		};
		4950012527DD144F00607179 /* Preview Content */ = {
			isa = PBXGroup;
			children = (
				4950012627DD144F00607179 /* Preview Assets.xcassets */,
			);
			path = "Preview Content";
			sourceTree = "<group>";
		};
		4950013027DD145000607179 /* AppbetaTests */ = {
			isa = PBXGroup;
			children = (
				4950013127DD145000607179 /* AppbetaTests.swift */,
				4950013327DD145000607179 /* Info.plist */,
			);
			path = AppbetaTests;
			sourceTree = "<group>";
		};
		4950013B27DD145000607179 /* AppbetaUITests */ = {
			isa = PBXGroup;
			children = (
				4950013C27DD145000607179 /* AppbetaUITests.swift */,
				4950013E27DD145000607179 /* Info.plist */,
			);
			path = AppbetaUITests;
			sourceTree = "<group>";
		};
/* End PBXGroup section */

/* Begin PBXNativeTarget section */
		4950011B27DD144600607179 /* Appbeta */ = {
			isa = PBXNativeTarget;
			buildConfigurationList = 4950014127DD145000607179 /* Build configuration list for PBXNativeTarget "Appbeta" */;
			buildPhases = (
				4950011827DD144600607179 /* Sources */,
				4950011927DD144600607179 /* Frameworks */,
				4950011A27DD144600607179 /* Resources */,
			);
			buildRules = (
			);
			dependencies = (
			);
			name = Appbeta;
			productName = Appbeta;
			productReference = 4950011C27DD144600607179 /* Appbeta.app */;
			productType = "com.apple.product-type.application";
		};
		4950012C27DD145000607179 /* AppbetaTests */ = {
			isa = PBXNativeTarget;
			buildConfigurationList = 4950014427DD145000607179 /* Build configuration list for PBXNativeTarget "AppbetaTests" */;
			buildPhases = (
				4950012927DD145000607179 /* Sources */,
				4950012A27DD145000607179 /* Frameworks */,
				4950012B27DD145000607179 /* Resources */,
			);
			buildRules = (
			);
			dependencies = (
				4950012F27DD145000607179 /* PBXTargetDependency */,
			);
			name = AppbetaTests;
			productName = AppbetaTests;
			productReference = 4950012D27DD145000607179 /* AppbetaTests.xctest */;
			productType = "com.apple.product-type.bundle.unit-test";
		};
		4950013727DD145000607179 /* AppbetaUITests */ = {
			isa = PBXNativeTarget;
			buildConfigurationList = 4950014727DD145000607179 /* Build configuration list for PBXNativeTarget "AppbetaUITests" */;
			buildPhases = (
				4950013427DD145000607179 /* Sources */,
				4950013527DD145000607179 /* Frameworks */,
				4950013627DD145000607179 /* Resources */,
			);
			buildRules = (
			);
			dependencies = (
				4950013A27DD145000607179 /* PBXTargetDependency */,
			);
			name = AppbetaUITests;
			productName = AppbetaUITests;
			productReference = 4950013827DD145000607179 /* AppbetaUITests.xctest */;
			productType = "com.apple.product-type.bundle.ui-testing";
		};
/* End PBXNativeTarget section */

/* Begin PBXProject section */
		4950011427DD144600607179 /* Project object */ = {
			isa = PBXProject;
			attributes = {
				LastSwiftUpdateCheck = 1240;
				LastUpgradeCheck = 1240;
				TargetAttributes = {
					4950011B27DD144600607179 = {
						CreatedOnToolsVersion = 12.4;
					};
					4950012C27DD145000607179 = {
						CreatedOnToolsVersion = 12.4;
						TestTargetID = 4950011B27DD144600607179;
					};
					4950013727DD145000607179 = {
						CreatedOnToolsVersion = 12.4;
						TestTargetID = 4950011B27DD144600607179;
					};
				};
			};
			buildConfigurationList = 4950011727DD144600607179 /* Build configuration list for PBXProject "Appbeta" */;
			compatibilityVersion = "Xcode 9.3";
			developmentRegion = en;
			hasScannedForEncodings = 0;
			knownRegions = (
				en,
				Base,
			);
			mainGroup = 4950011327DD144600607179;
			productRefGroup = 4950011D27DD144600607179 /* Products */;
			projectDirPath = "";
			projectRoot = "";
			targets = (
				4950011B27DD144600607179 /* Appbeta */,
				4950012C27DD145000607179 /* AppbetaTests */,
				4950013727DD145000607179 /* AppbetaUITests */,
			);
		};
/* End PBXProject section */

/* Begin PBXResourcesBuildPhase section */
		4950011A27DD144600607179 /* Resources */ = {
			isa = PBXResourcesBuildPhase;
			buildActionMask = 2147483647;
			files = (
				4950012727DD144F00607179 /* Preview Assets.xcassets in Resources */,
				4950012427DD144F00607179 /* Assets.xcassets in Resources */,
			);
			runOnlyForDeploymentPostprocessing = 0;
		};
		4950012B27DD145000607179 /* Resources */ = {
			isa = PBXResourcesBuildPhase;
			buildActionMask = 2147483647;
			files = (
			);
			runOnlyForDeploymentPostprocessing = 0;
		};
		4950013627DD145000607179 /* Resources */ = {
			isa = PBXResourcesBuildPhase;
			buildActionMask = 2147483647;
			files = (
			);
			runOnlyForDeploymentPostprocessing = 0;
		};
/* End PBXResourcesBuildPhase section */

/* Begin PBXSourcesBuildPhase section */
		4950011827DD144600607179 /* Sources */ = {
			isa = PBXSourcesBuildPhase;
			buildActionMask = 2147483647;
			files = (
				4950012227DD144600607179 /* ContentView.swift in Sources */,
				4950012027DD144600607179 /* AppbetaApp.swift in Sources */,
			);
			runOnlyForDeploymentPostprocessing = 0;
		};
		4950012927DD145000607179 /* Sources */ = {
			isa = PBXSourcesBuildPhase;
			buildActionMask = 2147483647;
			files = (
				4950013227DD145000607179 /* AppbetaTests.swift in Sources */,
			);
			runOnlyForDeploymentPostprocessing = 0;
		};
		4950013427DD145000607179 /* Sources */ = {
			isa = PBXSourcesBuildPhase;
			buildActionMask = 2147483647;
			files = (
				4950013D27DD145000607179 /* AppbetaUITests.swift in Sources */,
			);
			runOnlyForDeploymentPostprocessing = 0;
		};
/* End PBXSourcesBuildPhase section */

/* Begin PBXTargetDependency section */
		4950012F27DD145000607179 /* PBXTargetDependency */ = {
			isa = PBXTargetDependency;
			target = 4950011B27DD144600607179 /* Appbeta */;
			targetProxy = 4950012E27DD145000607179 /* PBXContainerItemProxy */;
		};
		4950013A27DD145000607179 /* PBXTargetDependency */ = {
			isa = PBXTargetDependency;
			target = 4950011B27DD144600607179 /* Appbeta */;
			targetProxy = 4950013927DD145000607179 /* PBXContainerItemProxy */;
		};
/* End PBXTargetDependency section */

/* Begin XCBuildConfiguration section */
		4950013F27DD145000607179 /* Debug */ = {
			isa = XCBuildConfiguration;
			buildSettings = {
				ALWAYS_SEARCH_USER_PATHS = NO;
				CLANG_ANALYZER_NONNULL = YES;
				CLANG_ANALYZER_NUMBER_OBJECT_CONVERSION = YES_AGGRESSIVE;
				CLANG_CXX_LANGUAGE_STANDARD = "gnu++14";
				CLANG_CXX_LIBRARY = "libc++";
				CLANG_ENABLE_MODULES = YES;
				CLANG_ENABLE_OBJC_ARC = YES;
				CLANG_ENABLE_OBJC_WEAK = YES;
				CLANG_WARN_BLOCK_CAPTURE_AUTORELEASING = YES;
				CLANG_WARN_BOOL_CONVERSION = YES;
				CLANG_WARN_COMMA = YES;
				CLANG_WARN_CONSTANT_CONVERSION = YES;
				CLANG_WARN_DEPRECATED_OBJC_IMPLEMENTATIONS = YES;
				CLANG_WARN_DIRECT_OBJC_ISA_USAGE = YES_ERROR;
				CLANG_WARN_DOCUMENTATION_COMMENTS = YES;
				CLANG_WARN_EMPTY_BODY = YES;
				CLANG_WARN_ENUM_CONVERSION = YES;
				CLANG_WARN_INFINITE_RECURSION = YES;
				CLANG_WARN_INT_CONVERSION = YES;
				CLANG_WARN_NON_LITERAL_NULL_CONVERSION = YES;
				CLANG_WARN_OBJC_IMPLICIT_RETAIN_SELF = YES;
				CLANG_WARN_OBJC_LITERAL_CONVERSION = YES;
				CLANG_WARN_OBJC_ROOT_CLASS = YES_ERROR;
				CLANG_WARN_QUOTED_INCLUDE_IN_FRAMEWORK_HEADER = YES;
				CLANG_WARN_RANGE_LOOP_ANALYSIS = YES;
				CLANG_WARN_STRICT_PROTOTYPES = YES;
				CLANG_WARN_SUSPICIOUS_MOVE = YES;
				CLANG_WARN_UNGUARDED_AVAILABILITY = YES_AGGRESSIVE;
				CLANG_WARN_UNREACHABLE_CODE = YES;
				CLANG_WARN__DUPLICATE_METHOD_MATCH = YES;
				COPY_PHASE_STRIP = NO;
				DEBUG_INFORMATION_FORMAT = dwarf;
				ENABLE_STRICT_OBJC_MSGSEND = YES;
				ENABLE_TESTABILITY = YES;
				GCC_C_LANGUAGE_STANDARD = gnu11;
				GCC_DYNAMIC_NO_PIC = NO;
				GCC_NO_COMMON_BLOCKS = YES;
				GCC_OPTIMIZATION_LEVEL = 0;
				GCC_PREPROCESSOR_DEFINITIONS = (
					"DEBUG=1",
					"$(inherited)",
				);
				GCC_WARN_64_TO_32_BIT_CONVERSION = YES;
				GCC_WARN_ABOUT_RETURN_TYPE = YES_ERROR;
				GCC_WARN_UNDECLARED_SELECTOR = YES;
				GCC_WARN_UNINITIALIZED_AUTOS = YES_AGGRESSIVE;
				GCC_WARN_UNUSED_FUNCTION = YES;
				GCC_WARN_UNUSED_VARIABLE = YES;
				IPHONEOS_DEPLOYMENT_TARGET = 14.4;
				MTL_ENABLE_DEBUG_INFO = INCLUDE_SOURCE;
				MTL_FAST_MATH = YES;
				ONLY_ACTIVE_ARCH = YES;
				SDKROOT = iphoneos;
				SWIFT_ACTIVE_COMPILATION_CONDITIONS = DEBUG;
				SWIFT_OPTIMIZATION_LEVEL = "-Onone";
			};
			name = Debug;
		};
		4950014027DD145000607179 /* Release */ = {
			isa = XCBuildConfiguration;
			buildSettings = {
				ALWAYS_SEARCH_USER_PATHS = NO;
				CLANG_ANALYZER_NONNULL = YES;
				CLANG_ANALYZER_NUMBER_OBJECT_CONVERSION = YES_AGGRESSIVE;
				CLANG_CXX_LANGUAGE_STANDARD = "gnu++14";
				CLANG_CXX_LIBRARY = "libc++";
				CLANG_ENABLE_MODULES = YES;
				CLANG_ENABLE_OBJC_ARC = YES;
				CLANG_ENABLE_OBJC_WEAK = YES;
				CLANG_WARN_BLOCK_CAPTURE_AUTORELEASING = YES;
				CLANG_WARN_BOOL_CONVERSION = YES;
				CLANG_WARN_COMMA = YES;
				CLANG_WARN_CONSTANT_CONVERSION = YES;
				CLANG_WARN_DEPRECATED_OBJC_IMPLEMENTATIONS = YES;
				CLANG_WARN_DIRECT_OBJC_ISA_USAGE = YES_ERROR;
				CLANG_WARN_DOCUMENTATION_COMMENTS = YES;
				CLANG_WARN_EMPTY_BODY = YES;
				CLANG_WARN_ENUM_CONVERSION = YES;
				CLANG_WARN_INFINITE_RECURSION = YES;
				CLANG_WARN_INT_CONVERSION = YES;
				CLANG_WARN_NON_LITERAL_NULL_CONVERSION = YES;
				CLANG_WARN_OBJC_IMPLICIT_RETAIN_SELF = YES;
				CLANG_WARN_OBJC_LITERAL_CONVERSION = YES;
				CLANG_WARN_OBJC_ROOT_CLASS = YES_ERROR;
				CLANG_WARN_QUOTED_INCLUDE_IN_FRAMEWORK_HEADER = YES;
				CLANG_WARN_RANGE_LOOP_ANALYSIS = YES;
				CLANG_WARN_STRICT_PROTOTYPES = YES;
				CLANG_WARN_SUSPICIOUS_MOVE = YES;
				CLANG_WARN_UNGUARDED_AVAILABILITY = YES_AGGRESSIVE;
				CLANG_WARN_UNREACHABLE_CODE = YES;
				CLANG_WARN__DUPLICATE_METHOD_MATCH = YES;
				COPY_PHASE_STRIP = NO;
				DEBUG_INFORMATION_FORMAT = "dwarf-with-dsym";
				ENABLE_NS_ASSERTIONS = NO;
				ENABLE_STRICT_OBJC_MSGSEND = YES;
				GCC_C_LANGUAGE_STANDARD = gnu11;
				GCC_NO_COMMON_BLOCKS = YES;
				GCC_WARN_64_TO_32_BIT_CONVERSION = YES;
				GCC_WARN_ABOUT_RETURN_TYPE = YES_ERROR;
				GCC_WARN_UNDECLARED_SELECTOR = YES;
				GCC_WARN_UNINITIALIZED_AUTOS = YES_AGGRESSIVE;
				GCC_WARN_UNUSED_FUNCTION = YES;
				GCC_WARN_UNUSED_VARIABLE = YES;
				IPHONEOS_DEPLOYMENT_TARGET = 14.4;
				MTL_ENABLE_DEBUG_INFO = NO;
				MTL_FAST_MATH = YES;
				SDKROOT = iphoneos;
				SWIFT_COMPILATION_MODE = wholemodule;
				SWIFT_OPTIMIZATION_LEVEL = "-O";
				VALIDATE_PRODUCT = YES;
			};
			name = Release;
		};
		4950014227DD145000607179 /* Debug */ = {
			isa = XCBuildConfiguration;
			buildSettings = {
				ASSETCATALOG_COMPILER_APPICON_NAME = AppIcon;
				ASSETCATALOG_COMPILER_GLOBAL_ACCENT_COLOR_NAME = AccentColor;
				CODE_SIGN_STYLE = Automatic;
				DEVELOPMENT_ASSET_PATHS = "\"Appbeta/Preview Content\"";
				ENABLE_PREVIEWS = YES;
				INFOPLIST_FILE = Appbeta/Info.plist;
				IPHONEOS_DEPLOYMENT_TARGET = 14.0;
				LD_RUNPATH_SEARCH_PATHS = (
					"$(inherited)",
					"@executable_path/Frameworks",
				);
				PRODUCT_BUNDLE_IDENTIFIER = tecmilenio.Appbeta;
				PRODUCT_NAME = "$(TARGET_NAME)";
				SWIFT_VERSION = 5.0;
				TARGETED_DEVICE_FAMILY = "1,2";
			};
			name = Debug;
		};
		4950014327DD145000607179 /* Release */ = {
			isa = XCBuildConfiguration;
			buildSettings = {
				ASSETCATALOG_COMPILER_APPICON_NAME = AppIcon;
				ASSETCATALOG_COMPILER_GLOBAL_ACCENT_COLOR_NAME = AccentColor;
				CODE_SIGN_STYLE = Automatic;
				DEVELOPMENT_ASSET_PATHS = "\"Appbeta/Preview Content\"";
				ENABLE_PREVIEWS = YES;
				INFOPLIST_FILE = Appbeta/Info.plist;
				IPHONEOS_DEPLOYMENT_TARGET = 14.0;
				LD_RUNPATH_SEARCH_PATHS = (
					"$(inherited)",
					"@executable_path/Frameworks",
				);
				PRODUCT_BUNDLE_IDENTIFIER = tecmilenio.Appbeta;
				PRODUCT_NAME = "$(TARGET_NAME)";
				SWIFT_VERSION = 5.0;
				TARGETED_DEVICE_FAMILY = "1,2";
			};
			name = Release;
		};
		4950014527DD145000607179 /* Debug */ = {
			isa = XCBuildConfiguration;
			buildSettings = {
				ALWAYS_EMBED_SWIFT_STANDARD_LIBRARIES = YES;
				BUNDLE_LOADER = "$(TEST_HOST)";
				CODE_SIGN_STYLE = Automatic;
				INFOPLIST_FILE = AppbetaTests/Info.plist;
				IPHONEOS_DEPLOYMENT_TARGET = 14.0;
				LD_RUNPATH_SEARCH_PATHS = (
					"$(inherited)",
					"@executable_path/Frameworks",
					"@loader_path/Frameworks",
				);
				PRODUCT_BUNDLE_IDENTIFIER = tecmilenio.AppbetaTests;
				PRODUCT_NAME = "$(TARGET_NAME)";
				SWIFT_VERSION = 5.0;
				TARGETED_DEVICE_FAMILY = "1,2";
				TEST_HOST = "$(BUILT_PRODUCTS_DIR)/Appbeta.app/Appbeta";
			};
			name = Debug;
		};
		4950014627DD145000607179 /* Release */ = {
			isa = XCBuildConfiguration;
			buildSettings = {
				ALWAYS_EMBED_SWIFT_STANDARD_LIBRARIES = YES;
				BUNDLE_LOADER = "$(TEST_HOST)";
				CODE_SIGN_STYLE = Automatic;
				INFOPLIST_FILE = AppbetaTests/Info.plist;
				IPHONEOS_DEPLOYMENT_TARGET = 14.0;
				LD_RUNPATH_SEARCH_PATHS = (
					"$(inherited)",
					"@executable_path/Frameworks",
					"@loader_path/Frameworks",
				);
				PRODUCT_BUNDLE_IDENTIFIER = tecmilenio.AppbetaTests;
				PRODUCT_NAME = "$(TARGET_NAME)";
				SWIFT_VERSION = 5.0;
				TARGETED_DEVICE_FAMILY = "1,2";
				TEST_HOST = "$(BUILT_PRODUCTS_DIR)/Appbeta.app/Appbeta";
			};
			name = Release;
		};
		4950014827DD145000607179 /* Debug */ = {
			isa = XCBuildConfiguration;
			buildSettings = {
				ALWAYS_EMBED_SWIFT_STANDARD_LIBRARIES = YES;
				CODE_SIGN_STYLE = Automatic;
				INFOPLIST_FILE = AppbetaUITests/Info.plist;
				LD_RUNPATH_SEARCH_PATHS = (
					"$(inherited)",
					"@executable_path/Frameworks",
					"@loader_path/Frameworks",
				);
				PRODUCT_BUNDLE_IDENTIFIER = tecmilenio.AppbetaUITests;
				PRODUCT_NAME = "$(TARGET_NAME)";
				SWIFT_VERSION = 5.0;
				TARGETED_DEVICE_FAMILY = "1,2";
				TEST_TARGET_NAME = Appbeta;
			};
			name = Debug;
		};
		4950014927DD145000607179 /* Release */ = {
			isa = XCBuildConfiguration;
			buildSettings = {
				ALWAYS_EMBED_SWIFT_STANDARD_LIBRARIES = YES;
				CODE_SIGN_STYLE = Automatic;
				INFOPLIST_FILE = AppbetaUITests/Info.plist;
				LD_RUNPATH_SEARCH_PATHS = (
					"$(inherited)",
					"@executable_path/Frameworks",
					"@loader_path/Frameworks",
				);
				PRODUCT_BUNDLE_IDENTIFIER = tecmilenio.AppbetaUITests;
				PRODUCT_NAME = "$(TARGET_NAME)";
				SWIFT_VERSION = 5.0;
				TARGETED_DEVICE_FAMILY = "1,2";
				TEST_TARGET_NAME = Appbeta;
			};
			name = Release;
		};
/* End XCBuildConfiguration section */

/* Begin XCConfigurationList section */
		4950011727DD144600607179 /* Build configuration list for PBXProject "Appbeta" */ = {
			isa = XCConfigurationList;
			buildConfigurations = (
				4950013F27DD145000607179 /* Debug */,
				4950014027DD145000607179 /* Release */,
			);
			defaultConfigurationIsVisible = 0;
			defaultConfigurationName = Release;
		};
		4950014127DD145000607179 /* Build configuration list for PBXNativeTarget "Appbeta" */ = {
			isa = XCConfigurationList;
			buildConfigurations = (
				4950014227DD145000607179 /* Debug */,
				4950014327DD145000607179 /* Release */,
			);
			defaultConfigurationIsVisible = 0;
			defaultConfigurationName = Release;
		};
		4950014427DD145000607179 /* Build configuration list for PBXNativeTarget "AppbetaTests" */ = {
			isa = XCConfigurationList;
			buildConfigurations = (
				4950014527DD145000607179 /* Debug */,
				4950014627DD145000607179 /* Release */,
			);
			defaultConfigurationIsVisible = 0;
			defaultConfigurationName = Release;
		};
		4950014727DD145000607179 /* Build configuration list for PBXNativeTarget "AppbetaUITests" */ = {
			isa = XCConfigurationList;
			buildConfigurations = (
				4950014827DD145000607179 /* Debug */,
				4950014927DD145000607179 /* Release */,
			);
			defaultConfigurationIsVisible = 0;
			defaultConfigurationName = Release;
		};
/* End XCConfigurationList section */
	};
	rootObject = 4950011427DD144600607179 /* Project object */;
}
